// !$*UTF8*$!
{
	archiveVersion = 1;
	classes = {
	};
	objectVersion = 50;
	objects = {

/* Begin PBXBuildFile section */
		36494B78C4BD9D5DB8EC0BFD /* Pods_linger_ios.framework in Frameworks */ = {isa = PBXBuildFile; fileRef = 60D16C95D4C875B73FF4506C /* Pods_linger_ios.framework */; };
		9C0A654E2251625500B5E890 /* DoubleConversion.framework in Frameworks */ = {isa = PBXBuildFile; fileRef = 9C0A654D2251625500B5E890 /* DoubleConversion.framework */; };
		9C0A65502251625A00B5E890 /* folly.framework in Frameworks */ = {isa = PBXBuildFile; fileRef = 9C0A654F2251625A00B5E890 /* folly.framework */; };
		9C0A65522251625C00B5E890 /* glog.framework in Frameworks */ = {isa = PBXBuildFile; fileRef = 9C0A65512251625C00B5E890 /* glog.framework */; };
		9C0A65542251626300B5E890 /* React.framework in Frameworks */ = {isa = PBXBuildFile; fileRef = 9C0A65532251626300B5E890 /* React.framework */; };
		9C0A65562251626600B5E890 /* yoga.framework in Frameworks */ = {isa = PBXBuildFile; fileRef = 9C0A65552251626600B5E890 /* yoga.framework */; };
		9CE69E6C22514D28004C74D3 /* AppDelegate.swift in Sources */ = {isa = PBXBuildFile; fileRef = 9CE69E6B22514D28004C74D3 /* AppDelegate.swift */; };
		9CE69E6E22514D28004C74D3 /* ViewController.swift in Sources */ = {isa = PBXBuildFile; fileRef = 9CE69E6D22514D28004C74D3 /* ViewController.swift */; };
		9CE69E7122514D28004C74D3 /* Main.storyboard in Resources */ = {isa = PBXBuildFile; fileRef = 9CE69E6F22514D28004C74D3 /* Main.storyboard */; };
		9CE69E7322514D29004C74D3 /* Assets.xcassets in Resources */ = {isa = PBXBuildFile; fileRef = 9CE69E7222514D29004C74D3 /* Assets.xcassets */; };
		9CE69E7622514D29004C74D3 /* LaunchScreen.storyboard in Resources */ = {isa = PBXBuildFile; fileRef = 9CE69E7422514D29004C74D3 /* LaunchScreen.storyboard */; };
/* End PBXBuildFile section */

/* Begin PBXFileReference section */
		60D16C95D4C875B73FF4506C /* Pods_linger_ios.framework */ = {isa = PBXFileReference; explicitFileType = wrapper.framework; includeInIndex = 0; path = Pods_linger_ios.framework; sourceTree = BUILT_PRODUCTS_DIR; };
		9C0A654D2251625500B5E890 /* DoubleConversion.framework */ = {isa = PBXFileReference; explicitFileType = wrapper.framework; path = DoubleConversion.framework; sourceTree = BUILT_PRODUCTS_DIR; };
		9C0A654F2251625A00B5E890 /* folly.framework */ = {isa = PBXFileReference; explicitFileType = wrapper.framework; path = folly.framework; sourceTree = BUILT_PRODUCTS_DIR; };
		9C0A65512251625C00B5E890 /* glog.framework */ = {isa = PBXFileReference; explicitFileType = wrapper.framework; path = glog.framework; sourceTree = BUILT_PRODUCTS_DIR; };
		9C0A65532251626300B5E890 /* React.framework */ = {isa = PBXFileReference; explicitFileType = wrapper.framework; path = React.framework; sourceTree = BUILT_PRODUCTS_DIR; };
		9C0A65552251626600B5E890 /* yoga.framework */ = {isa = PBXFileReference; explicitFileType = wrapper.framework; path = yoga.framework; sourceTree = BUILT_PRODUCTS_DIR; };
		9CE69E6822514D28004C74D3 /* linger-ios.app */ = {isa = PBXFileReference; explicitFileType = wrapper.application; includeInIndex = 0; path = "linger-ios.app"; sourceTree = BUILT_PRODUCTS_DIR; };
		9CE69E6B22514D28004C74D3 /* AppDelegate.swift */ = {isa = PBXFileReference; lastKnownFileType = sourcecode.swift; path = AppDelegate.swift; sourceTree = "<group>"; };
		9CE69E6D22514D28004C74D3 /* ViewController.swift */ = {isa = PBXFileReference; lastKnownFileType = sourcecode.swift; path = ViewController.swift; sourceTree = "<group>"; };
		9CE69E7022514D28004C74D3 /* Base */ = {isa = PBXFileReference; lastKnownFileType = file.storyboard; name = Base; path = Base.lproj/Main.storyboard; sourceTree = "<group>"; };
		9CE69E7222514D29004C74D3 /* Assets.xcassets */ = {isa = PBXFileReference; lastKnownFileType = folder.assetcatalog; path = Assets.xcassets; sourceTree = "<group>"; };
		9CE69E7522514D29004C74D3 /* Base */ = {isa = PBXFileReference; lastKnownFileType = file.storyboard; name = Base; path = Base.lproj/LaunchScreen.storyboard; sourceTree = "<group>"; };
		9CE69E7722514D29004C74D3 /* Info.plist */ = {isa = PBXFileReference; lastKnownFileType = text.plist.xml; path = Info.plist; sourceTree = "<group>"; };
		E0F5875D68E07ED625E8F3F7 /* Pods-linger-ios.release.xcconfig */ = {isa = PBXFileReference; includeInIndex = 1; lastKnownFileType = text.xcconfig; name = "Pods-linger-ios.release.xcconfig"; path = "Target Support Files/Pods-linger-ios/Pods-linger-ios.release.xcconfig"; sourceTree = "<group>"; };
		FE6C1B2CB09A6DAF847DC843 /* Pods-linger-ios.debug.xcconfig */ = {isa = PBXFileReference; includeInIndex = 1; lastKnownFileType = text.xcconfig; name = "Pods-linger-ios.debug.xcconfig"; path = "Target Support Files/Pods-linger-ios/Pods-linger-ios.debug.xcconfig"; sourceTree = "<group>"; };
/* End PBXFileReference section */

/* Begin PBXFrameworksBuildPhase section */
		9CE69E6522514D28004C74D3 /* Frameworks */ = {
			isa = PBXFrameworksBuildPhase;
			buildActionMask = 2147483647;
			files = (
				9C0A65542251626300B5E890 /* React.framework in Frameworks */,
				9C0A65562251626600B5E890 /* yoga.framework in Frameworks */,
				9C0A65522251625C00B5E890 /* glog.framework in Frameworks */,
				9C0A65502251625A00B5E890 /* folly.framework in Frameworks */,
				9C0A654E2251625500B5E890 /* DoubleConversion.framework in Frameworks */,
				36494B78C4BD9D5DB8EC0BFD /* Pods_linger_ios.framework in Frameworks */,
			);
			runOnlyForDeploymentPostprocessing = 0;
		};
/* End PBXFrameworksBuildPhase section */

/* Begin PBXGroup section */
		5E29A4E1EB1676E8E8BD2AF9 /* Frameworks */ = {
			isa = PBXGroup;
			children = (
				9C0A65552251626600B5E890 /* yoga.framework */,
				9C0A65532251626300B5E890 /* React.framework */,
				9C0A65512251625C00B5E890 /* glog.framework */,
				9C0A654F2251625A00B5E890 /* folly.framework */,
				9C0A654D2251625500B5E890 /* DoubleConversion.framework */,
				60D16C95D4C875B73FF4506C /* Pods_linger_ios.framework */,
			);
			name = Frameworks;
			sourceTree = "<group>";
		};
		9539775A34066A755A0BB322 /* Pods */ = {
			isa = PBXGroup;
			children = (
				FE6C1B2CB09A6DAF847DC843 /* Pods-linger-ios.debug.xcconfig */,
				E0F5875D68E07ED625E8F3F7 /* Pods-linger-ios.release.xcconfig */,
			);
			path = Pods;
			sourceTree = "<group>";
		};
		9CE69E5F22514D28004C74D3 = {
			isa = PBXGroup;
			children = (
				9CE69E6A22514D28004C74D3 /* linger-ios */,
				9CE69E6922514D28004C74D3 /* Products */,
				9539775A34066A755A0BB322 /* Pods */,
				5E29A4E1EB1676E8E8BD2AF9 /* Frameworks */,
			);
			sourceTree = "<group>";
		};
		9CE69E6922514D28004C74D3 /* Products */ = {
			isa = PBXGroup;
			children = (
				9CE69E6822514D28004C74D3 /* linger-ios.app */,
			);
			name = Products;
			sourceTree = "<group>";
		};
		9CE69E6A22514D28004C74D3 /* linger-ios */ = {
			isa = PBXGroup;
			children = (
				9CE69E6B22514D28004C74D3 /* AppDelegate.swift */,
				9CE69E6D22514D28004C74D3 /* ViewController.swift */,
				9CE69E6F22514D28004C74D3 /* Main.storyboard */,
				9CE69E7222514D29004C74D3 /* Assets.xcassets */,
				9CE69E7422514D29004C74D3 /* LaunchScreen.storyboard */,
				9CE69E7722514D29004C74D3 /* Info.plist */,
			);
			path = "linger-ios";
			sourceTree = "<group>";
		};
/* End PBXGroup section */

/* Begin PBXNativeTarget section */
		9CE69E6722514D28004C74D3 /* linger-ios */ = {
			isa = PBXNativeTarget;
			buildConfigurationList = 9CE69E7A22514D29004C74D3 /* Build configuration list for PBXNativeTarget "linger-ios" */;
			buildPhases = (
				D035C3D1202D2A491082703C /* [CP] Check Pods Manifest.lock */,
				9CE69E6422514D28004C74D3 /* Sources */,
				9CE69E6522514D28004C74D3 /* Frameworks */,
				9CE69E6622514D28004C74D3 /* Resources */,
				C1E886F389385777F02B6D0F /* [CP] Embed Pods Frameworks */,
			);
			buildRules = (
			);
			dependencies = (
			);
			name = "linger-ios";
			productName = "linger-ios";
			productReference = 9CE69E6822514D28004C74D3 /* linger-ios.app */;
			productType = "com.apple.product-type.application";
		};
/* End PBXNativeTarget section */

/* Begin PBXProject section */
		9CE69E6022514D28004C74D3 /* Project object */ = {
			isa = PBXProject;
			attributes = {
				LastSwiftUpdateCheck = 1020;
				LastUpgradeCheck = 1020;
				ORGANIZATIONNAME = "Natalia Braz";
				TargetAttributes = {
					9CE69E6722514D28004C74D3 = {
						CreatedOnToolsVersion = 10.2;
					};
				};
			};
			buildConfigurationList = 9CE69E6322514D28004C74D3 /* Build configuration list for PBXProject "linger-ios" */;
			compatibilityVersion = "Xcode 9.3";
			developmentRegion = en;
			hasScannedForEncodings = 0;
			knownRegions = (
				en,
				Base,
			);
			mainGroup = 9CE69E5F22514D28004C74D3;
			productRefGroup = 9CE69E6922514D28004C74D3 /* Products */;
			projectDirPath = "";
			projectRoot = "";
			targets = (
				9CE69E6722514D28004C74D3 /* linger-ios */,
			);
		};
/* End PBXProject section */

/* Begin PBXResourcesBuildPhase section */
		9CE69E6622514D28004C74D3 /* Resources */ = {
			isa = PBXResourcesBuildPhase;
			buildActionMask = 2147483647;
			files = (
				9CE69E7622514D29004C74D3 /* LaunchScreen.storyboard in Resources */,
				9CE69E7322514D29004C74D3 /* Assets.xcassets in Resources */,
				9CE69E7122514D28004C74D3 /* Main.storyboard in Resources */,
			);
			runOnlyForDeploymentPostprocessing = 0;
		};
/* End PBXResourcesBuildPhase section */

/* Begin PBXShellScriptBuildPhase section */
		C1E886F389385777F02B6D0F /* [CP] Embed Pods Frameworks */ = {
			isa = PBXShellScriptBuildPhase;
			buildActionMask = 2147483647;
			files = (
			);
			inputFileListPaths = (
			);
			inputPaths = (
				"${PODS_ROOT}/Target Support Files/Pods-linger-ios/Pods-linger-ios-frameworks.sh",
				"${BUILT_PRODUCTS_DIR}/DoubleConversion/DoubleConversion.framework",
				"${BUILT_PRODUCTS_DIR}/Folly/folly.framework",
				"${BUILT_PRODUCTS_DIR}/React/React.framework",
				"${BUILT_PRODUCTS_DIR}/glog/glog.framework",
				"${BUILT_PRODUCTS_DIR}/yoga/yoga.framework",
			);
			name = "[CP] Embed Pods Frameworks";
			outputFileListPaths = (
			);
			outputPaths = (
				"${TARGET_BUILD_DIR}/${FRAMEWORKS_FOLDER_PATH}/DoubleConversion.framework",
				"${TARGET_BUILD_DIR}/${FRAMEWORKS_FOLDER_PATH}/folly.framework",
				"${TARGET_BUILD_DIR}/${FRAMEWORKS_FOLDER_PATH}/React.framework",
				"${TARGET_BUILD_DIR}/${FRAMEWORKS_FOLDER_PATH}/glog.framework",
				"${TARGET_BUILD_DIR}/${FRAMEWORKS_FOLDER_PATH}/yoga.framework",
			);
			runOnlyForDeploymentPostprocessing = 0;
			shellPath = /bin/sh;
			shellScript = "\"${PODS_ROOT}/Target Support Files/Pods-linger-ios/Pods-linger-ios-frameworks.sh\"\n";
			showEnvVarsInLog = 0;
		};
		D035C3D1202D2A491082703C /* [CP] Check Pods Manifest.lock */ = {
			isa = PBXShellScriptBuildPhase;
			buildActionMask = 2147483647;
			files = (
			);
			inputFileListPaths = (
			);
			inputPaths = (
				"${PODS_PODFILE_DIR_PATH}/Podfile.lock",
				"${PODS_ROOT}/Manifest.lock",
			);
			name = "[CP] Check Pods Manifest.lock";
			outputFileListPaths = (
			);
			outputPaths = (
				"$(DERIVED_FILE_DIR)/Pods-linger-ios-checkManifestLockResult.txt",
			);
			runOnlyForDeploymentPostprocessing = 0;
			shellPath = /bin/sh;
			shellScript = "diff \"${PODS_PODFILE_DIR_PATH}/Podfile.lock\" \"${PODS_ROOT}/Manifest.lock\" > /dev/null\nif [ $? != 0 ] ; then\n    # print error to STDERR\n    echo \"error: The sandbox is not in sync with the Podfile.lock. Run 'pod install' or update your CocoaPods installation.\" >&2\n    exit 1\nfi\n# This output is used by Xcode 'outputs' to avoid re-running this script phase.\necho \"SUCCESS\" > \"${SCRIPT_OUTPUT_FILE_0}\"\n";
			showEnvVarsInLog = 0;
		};
/* End PBXShellScriptBuildPhase section */

/* Begin PBXSourcesBuildPhase section */
		9CE69E6422514D28004C74D3 /* Sources */ = {
			isa = PBXSourcesBuildPhase;
			buildActionMask = 2147483647;
			files = (
				9CE69E6E22514D28004C74D3 /* ViewController.swift in Sources */,
				9CE69E6C22514D28004C74D3 /* AppDelegate.swift in Sources */,
			);
			runOnlyForDeploymentPostprocessing = 0;
		};
/* End PBXSourcesBuildPhase section */

/* Begin PBXVariantGroup section */
		9CE69E6F22514D28004C74D3 /* Main.storyboard */ = {
			isa = PBXVariantGroup;
			children = (
				9CE69E7022514D28004C74D3 /* Base */,
			);
			name = Main.storyboard;
			sourceTree = "<group>";
		};
		9CE69E7422514D29004C74D3 /* LaunchScreen.storyboard */ = {
			isa = PBXVariantGroup;
			children = (
				9CE69E7522514D29004C74D3 /* Base */,
			);
			name = LaunchScreen.storyboard;
			sourceTree = "<group>";
		};
/* End PBXVariantGroup section */

/* Begin XCBuildConfiguration section */
		9CE69E7822514D29004C74D3 /* Debug */ = {
			isa = XCBuildConfiguration;
			buildSettings = {
				ALWAYS_SEARCH_USER_PATHS = NO;
				CLANG_ANALYZER_NONNULL = YES;
				CLANG_ANALYZER_NUMBER_OBJECT_CONVERSION = YES_AGGRESSIVE;
				CLANG_CXX_LANGUAGE_STANDARD = "gnu++14";
				CLANG_CXX_LIBRARY = "libc++";
				CLANG_ENABLE_MODULES = YES;
				CLANG_ENABLE_OBJC_ARC = YES;
				CLANG_ENABLE_OBJC_WEAK = YES;
				CLANG_WARN_BLOCK_CAPTURE_AUTORELEASING = YES;
				CLANG_WARN_BOOL_CONVERSION = YES;
				CLANG_WARN_COMMA = YES;
				CLANG_WARN_CONSTANT_CONVERSION = YES;
				CLANG_WARN_DEPRECATED_OBJC_IMPLEMENTATIONS = YES;
				CLANG_WARN_DIRECT_OBJC_ISA_USAGE = YES_ERROR;
				CLANG_WARN_DOCUMENTATION_COMMENTS = YES;
				CLANG_WARN_EMPTY_BODY = YES;
				CLANG_WARN_ENUM_CONVERSION = YES;
				CLANG_WARN_INFINITE_RECURSION = YES;
				CLANG_WARN_INT_CONVERSION = YES;
				CLANG_WARN_NON_LITERAL_NULL_CONVERSION = YES;
				CLANG_WARN_OBJC_IMPLICIT_RETAIN_SELF = YES;
				CLANG_WARN_OBJC_LITERAL_CONVERSION = YES;
				CLANG_WARN_OBJC_ROOT_CLASS = YES_ERROR;
				CLANG_WARN_RANGE_LOOP_ANALYSIS = YES;
				CLANG_WARN_STRICT_PROTOTYPES = YES;
				CLANG_WARN_SUSPICIOUS_MOVE = YES;
				CLANG_WARN_UNGUARDED_AVAILABILITY = YES_AGGRESSIVE;
				CLANG_WARN_UNREACHABLE_CODE = YES;
				CLANG_WARN__DUPLICATE_METHOD_MATCH = YES;
				CODE_SIGN_IDENTITY = "iPhone Developer";
				COPY_PHASE_STRIP = NO;
				DEBUG_INFORMATION_FORMAT = dwarf;
				ENABLE_STRICT_OBJC_MSGSEND = YES;
				ENABLE_TESTABILITY = YES;
				GCC_C_LANGUAGE_STANDARD = gnu11;
				GCC_DYNAMIC_NO_PIC = NO;
				GCC_NO_COMMON_BLOCKS = YES;
				GCC_OPTIMIZATION_LEVEL = 0;
				GCC_PREPROCESSOR_DEFINITIONS = (
					"DEBUG=1",
					"$(inherited)",
				);
				GCC_WARN_64_TO_32_BIT_CONVERSION = YES;
				GCC_WARN_ABOUT_RETURN_TYPE = YES_ERROR;
				GCC_WARN_UNDECLARED_SELECTOR = YES;
				GCC_WARN_UNINITIALIZED_AUTOS = YES_AGGRESSIVE;
				GCC_WARN_UNUSED_FUNCTION = YES;
				GCC_WARN_UNUSED_VARIABLE = YES;
				IPHONEOS_DEPLOYMENT_TARGET = 12.2;
				MTL_ENABLE_DEBUG_INFO = INCLUDE_SOURCE;
				MTL_FAST_MATH = YES;
				ONLY_ACTIVE_ARCH = YES;
				SDKROOT = iphoneos;
				SWIFT_ACTIVE_COMPILATION_CONDITIONS = DEBUG;
				SWIFT_OPTIMIZATION_LEVEL = "-Onone";
			};
			name = Debug;
		};
		9CE69E7922514D29004C74D3 /* Release */ = {
			isa = XCBuildConfiguration;
			buildSettings = {
				ALWAYS_SEARCH_USER_PATHS = NO;
				CLANG_ANALYZER_NONNULL = YES;
				CLANG_ANALYZER_NUMBER_OBJECT_CONVERSION = YES_AGGRESSIVE;
				CLANG_CXX_LANGUAGE_STANDARD = "gnu++14";
				CLANG_CXX_LIBRARY = "libc++";
				CLANG_ENABLE_MODULES = YES;
				CLANG_ENABLE_OBJC_ARC = YES;
				CLANG_ENABLE_OBJC_WEAK = YES;
				CLANG_WARN_BLOCK_CAPTURE_AUTORELEASING = YES;
				CLANG_WARN_BOOL_CONVERSION = YES;
				CLANG_WARN_COMMA = YES;
				CLANG_WARN_CONSTANT_CONVERSION = YES;
				CLANG_WARN_DEPRECATED_OBJC_IMPLEMENTATIONS = YES;
				CLANG_WARN_DIRECT_OBJC_ISA_USAGE = YES_ERROR;
				CLANG_WARN_DOCUMENTATION_COMMENTS = YES;
				CLANG_WARN_EMPTY_BODY = YES;
				CLANG_WARN_ENUM_CONVERSION = YES;
				CLANG_WARN_INFINITE_RECURSION = YES;
				CLANG_WARN_INT_CONVERSION = YES;
				CLANG_WARN_NON_LITERAL_NULL_CONVERSION = YES;
				CLANG_WARN_OBJC_IMPLICIT_RETAIN_SELF = YES;
				CLANG_WARN_OBJC_LITERAL_CONVERSION = YES;
				CLANG_WARN_OBJC_ROOT_CLASS = YES_ERROR;
				CLANG_WARN_RANGE_LOOP_ANALYSIS = YES;
				CLANG_WARN_STRICT_PROTOTYPES = YES;
				CLANG_WARN_SUSPICIOUS_MOVE = YES;
				CLANG_WARN_UNGUARDED_AVAILABILITY = YES_AGGRESSIVE;
				CLANG_WARN_UNREACHABLE_CODE = YES;
				CLANG_WARN__DUPLICATE_METHOD_MATCH = YES;
				CODE_SIGN_IDENTITY = "iPhone Developer";
				COPY_PHASE_STRIP = NO;
				DEBUG_INFORMATION_FORMAT = "dwarf-with-dsym";
				ENABLE_NS_ASSERTIONS = NO;
				ENABLE_STRICT_OBJC_MSGSEND = YES;
				GCC_C_LANGUAGE_STANDARD = gnu11;
				GCC_NO_COMMON_BLOCKS = YES;
				GCC_WARN_64_TO_32_BIT_CONVERSION = YES;
				GCC_WARN_ABOUT_RETURN_TYPE = YES_ERROR;
				GCC_WARN_UNDECLARED_SELECTOR = YES;
				GCC_WARN_UNINITIALIZED_AUTOS = YES_AGGRESSIVE;
				GCC_WARN_UNUSED_FUNCTION = YES;
				GCC_WARN_UNUSED_VARIABLE = YES;
				IPHONEOS_DEPLOYMENT_TARGET = 12.2;
				MTL_ENABLE_DEBUG_INFO = NO;
				MTL_FAST_MATH = YES;
				SDKROOT = iphoneos;
				SWIFT_COMPILATION_MODE = wholemodule;
				SWIFT_OPTIMIZATION_LEVEL = "-O";
				VALIDATE_PRODUCT = YES;
			};
			name = Release;
		};
		9CE69E7B22514D29004C74D3 /* Debug */ = {
			isa = XCBuildConfiguration;
			baseConfigurationReference = FE6C1B2CB09A6DAF847DC843 /* Pods-linger-ios.debug.xcconfig */;
			buildSettings = {
				ASSETCATALOG_COMPILER_APPICON_NAME = AppIcon;
				CODE_SIGN_STYLE = Automatic;
				DEVELOPMENT_TEAM = W7MJH52X64;
				INFOPLIST_FILE = "linger-ios/Info.plist";
				LD_RUNPATH_SEARCH_PATHS = (
					"$(inherited)",
					"@executable_path/Frameworks",
				);
				PRODUCT_BUNDLE_IDENTIFIER = "com.nataliabraz.linger-ios";
				PRODUCT_NAME = "$(TARGET_NAME)";
				SWIFT_VERSION = 5.0;
				TARGETED_DEVICE_FAMILY = "1,2";
			};
			name = Debug;
		};
		9CE69E7C22514D29004C74D3 /* Release */ = {
			isa = XCBuildConfiguration;
			baseConfigurationReference = E0F5875D68E07ED625E8F3F7 /* Pods-linger-ios.release.xcconfig */;
			buildSettings = {
				ASSETCATALOG_COMPILER_APPICON_NAME = AppIcon;
				CODE_SIGN_STYLE = Automatic;
				DEVELOPMENT_TEAM = W7MJH52X64;
				INFOPLIST_FILE = "linger-ios/Info.plist";
				LD_RUNPATH_SEARCH_PATHS = (
					"$(inherited)",
					"@executable_path/Frameworks",
				);
				PRODUCT_BUNDLE_IDENTIFIER = "com.nataliabraz.linger-ios";
				PRODUCT_NAME = "$(TARGET_NAME)";
				SWIFT_VERSION = 5.0;
				TARGETED_DEVICE_FAMILY = "1,2";
			};
			name = Release;
		};
/* End XCBuildConfiguration section */

/* Begin XCConfigurationList section */
		9CE69E6322514D28004C74D3 /* Build configuration list for PBXProject "linger-ios" */ = {
			isa = XCConfigurationList;
			buildConfigurations = (
				9CE69E7822514D29004C74D3 /* Debug */,
				9CE69E7922514D29004C74D3 /* Release */,
			);
			defaultConfigurationIsVisible = 0;
			defaultConfigurationName = Release;
		};
		9CE69E7A22514D29004C74D3 /* Build configuration list for PBXNativeTarget "linger-ios" */ = {
			isa = XCConfigurationList;
			buildConfigurations = (
				9CE69E7B22514D29004C74D3 /* Debug */,
				9CE69E7C22514D29004C74D3 /* Release */,
			);
			defaultConfigurationIsVisible = 0;
			defaultConfigurationName = Release;
		};
/* End XCConfigurationList section */
	};
	rootObject = 9CE69E6022514D28004C74D3 /* Project object */;
}
